
Microsoft Visual Studio Solution File, Format Version 12.00
# Visual Studio 15
VisualStudioVersion = 15.0.27428.2005
MinimumVisualStudioVersion = 10.0.40219.1
Project("{FAE04EC0-301F-11D3-BF4B-00C04F79EFBC}") = "StarClipper", "StarClipper\StarClipper.csproj", "{998F8F1C-3883-412A-A42F-98000DFCC928}"
EndProject
Global
	GlobalSection(SolutionConfigurationPlatforms) = preSolution
		Debug|Any CPU = Debug|Any CPU
		Release|Any CPU = Release|Any CPU
	EndGlobalSection
	GlobalSection(ProjectConfigurationPlatforms) = postSolution
		{998F8F1C-3883-412A-A42F-98000DFCC928}.Debug|Any CPU.ActiveCfg = Debug|Any CPU
		{998F8F1C-3883-412A-A42F-98000DFCC928}.Debug|Any CPU.Build.0 = Debug|Any CPU
		{998F8F1C-3883-412A-A42F-98000DFCC928}.Release|Any CPU.ActiveCfg = Release|Any CPU
		{998F8F1C-3883-412A-A42F-98000DFCC928}.Release|Any CPU.Build.0 = Release|Any CPU
	EndGlobalSection
	GlobalSection(SolutionProperties) = preSolution
		HideSolutionNode = FALSE
	EndGlobalSection
	GlobalSection(ExtensibilityGlobals) = postSolution
		SolutionGuid = {1F6382ED-1A25-4A72-9401-FDE290064D01}
	EndGlobalSection
EndGlobal
